{
    "_meta": {
        "hash": {
            "sha256": "b5d8f25894e587e75f55c9ed4f2737eff89750ef131135dae2ca9595fefd0c24"
        },
        "pipfile-spec": 6,
        "requires": {
            "python_version": "3.13"
        },
        "sources": [
            {
                "name": "pypi",
                "url": "https://pypi.org/simple",
                "verify_ssl": true
            }
        ]
    },
    "default": {
        "anyio": {
            "hashes": [
                "sha256:673c0c244e15788651a4ff38710fea9675823028a6f08a5eda409e0c9840a028",
                "sha256:9f76d541cad6e36af7beb62e978876f3b41e3e04f2c1fbf0884604c0a9c4d93c"
            ],
            "markers": "python_version >= '3.9'",
            "version": "==4.9.0"
        },
        "certifi": {
            "hashes": [
                "sha256:3d5da6925056f6f18f119200434a4780a94263f10d1c21d032a6f6b2baa20651",
                "sha256:ca78db4565a652026a4db2bcdf68f2fb589ea80d0be70e03929ed730746b84fe"
            ],
            "markers": "python_version >= '3.6'",
            "version": "==2025.1.31"
        },
        "click": {
            "hashes": [
                "sha256:63c132bbbed01578a06712a2d1f497bb62d9c1c0d329b7903a866228027263b2",
                "sha256:ed53c9d8990d83c2a27deae68e4ee337473f6330c040a31d4225c9574d16096a"
            ],
            "markers": "python_version >= '3.7'",
            "version": "==8.1.8"
        },
        "faker": {
            "hashes": [
                "sha256:ad9dc66a3b84888b837ca729e85299a96b58fdaef0323ed0baace93c9614af06",
                "sha256:dc2f730be71cb770e9c715b13374d80dbcee879675121ab51f9683d262ae9a1c"
            ],
            "markers": "python_version >= '3.9'",
            "version": "==37.1.0"
        },
        "h11": {
            "hashes": [
                "sha256:8f19fbbe99e72420ff35c00b27a34cb9937e902a8b810e2c88300c6f0a3b699d",
                "sha256:e3fe4ac4b851c468cc8363d500db52c2ead036020723024a109d37346efaa761"
            ],
            "markers": "python_version >= '3.7'",
            "version": "==0.14.0"
        },
        "httpcore": {
            "hashes": [
                "sha256:8551cb62a169ec7162ac7be8d4817d561f60e08eaa485234898414bb5a8a0b4c",
                "sha256:a3fff8f43dc260d5bd363d9f9cf1830fa3a458b332856f34282de498ed420edd"
            ],
            "markers": "python_version >= '3.8'",
            "version": "==1.0.7"
        },
        "httpx": {
            "hashes": [
                "sha256:75e98c5f16b0f35b567856f597f06ff2270a374470a5c2392242528e3e3e42fc",
                "sha256:d909fcccc110f8c7faf814ca82a9a4d816bc5a6dbfea25d6591d6985b8ba59ad"
            ],
            "markers": "python_version >= '3.8'",
            "version": "==0.28.1"
        },
        "idna": {
            "hashes": [
                "sha256:12f65c9b470abda6dc35cf8e63cc574b1c52b11df2c86030af0ac09b01b13ea9",
                "sha256:946d195a0d259cbba61165e88e65941f16e9b36ea6ddb97f00452bae8b1287d3"
            ],
            "markers": "python_version >= '3.6'",
            "version": "==3.10"
        },
        "litestar": {
            "hashes": [
                "sha256:3791437e31691eadf8079f70180f3186c1db245e093ad3ff21f5cdbfc7e9df3e",
                "sha256:9458ba9c3397c0bc566e649baa5c461145f0c24f4c54451a64ad8adce57cf9de"
            ],
            "index": "pypi",
            "markers": "python_version >= '3.8' and python_version < '4.0'",
            "version": "==2.15.1"
        },
        "litestar-htmx": {
            "hashes": [
                "sha256:ba2537008eb8cc18bfc8bee5cecb280924c7818bb1c066d79eae4b221696ca08",
                "sha256:ba2a8ff1e210f21980735b9cde13d239a2b7c3627cb4aeb425d66f4a314d1a59"
            ],
            "markers": "python_version >= '3.8' and python_version < '4.0'",
            "version": "==0.4.1"
        },
        "markdown-it-py": {
            "hashes": [
                "sha256:355216845c60bd96232cd8d8c40e8f9765cc86f46880e43a8fd22dc1a1a8cab1",
                "sha256:e3f60a94fa066dc52ec76661e37c851cb232d92f9886b15cb560aaada2df8feb"
            ],
            "markers": "python_version >= '3.8'",
            "version": "==3.0.0"
        },
        "mdurl": {
            "hashes": [
                "sha256:84008a41e51615a49fc9966191ff91509e3c40b939176e643fd50a5c2196b8f8",
                "sha256:bb413d29f5eea38f31dd4754dd7377d4465116fb207585f97bf925588687c1ba"
            ],
            "markers": "python_version >= '3.7'",
            "version": "==0.1.2"
        },
        "msgspec": {
            "hashes": [
                "sha256:00e87ecfa9795ee5214861eab8326b0e75475c2e68a384002aa135ea2a27d909",
                "sha256:047cfa8675eb3bad68722cfe95c60e7afabf84d1bd8938979dd2b92e9e4a9551",
                "sha256:0553bbc77662e5708fe66aa75e7bd3e4b0f209709c48b299afd791d711a93c36",
                "sha256:067f0de1c33cfa0b6a8206562efdf6be5985b988b53dd244a8e06f993f27c8c0",
                "sha256:0684573a821be3c749912acf5848cce78af4298345cb2d7a8b8948a0a5a27cfe",
                "sha256:0f5c043ace7962ef188746e83b99faaa9e3e699ab857ca3f367b309c8e2c6b12",
                "sha256:15c1e86fff77184c20a2932cd9742bf33fe23125fa3fcf332df9ad2f7d483044",
                "sha256:19746b50be214a54239aab822964f2ac81e38b0055cca94808359d779338c10e",
                "sha256:2719647625320b60e2d8af06b35f5b12d4f4d281db30a15a1df22adb2295f633",
                "sha256:317050bc0f7739cb30d257ff09152ca309bf5a369854bbf1e57dffc310c1f20f",
                "sha256:3b5541b2b3294e5ffabe31a09d604e23a88533ace36ac288fa32a420aa38d229",
                "sha256:3be5c02e1fee57b54130316a08fe40cca53af92999a302a6054cd451700ea7db",
                "sha256:3c4ec642689da44618f68c90855a10edbc6ac3ff7c1d94395446c65a776e712a",
                "sha256:43bbb237feab761b815ed9df43b266114203f53596f9b6e6f00ebd79d178cdf2",
                "sha256:45c8fb410670b3b7eb884d44a75589377c341ec1392b778311acdbfa55187716",
                "sha256:4cfc033c02c3e0aec52b71710d7f84cb3ca5eb407ab2ad23d75631153fdb1f12",
                "sha256:5f0f65f29b45e2816d8bded36e6b837a4bf5fb60ec4bc3c625fa2c6da4124537",
                "sha256:604037e7cd475345848116e89c553aa9a233259733ab51986ac924ab1b976f8e",
                "sha256:60ef4bdb0ec8e4ad62e5a1f95230c08efb1f64f32e6e8dd2ced685bcc73858b5",
                "sha256:695b832d0091edd86eeb535cd39e45f3919f48d997685f7ac31acb15e0a2ed90",
                "sha256:6c7adf191e4bd3be0e9231c3b6dc20cf1199ada2af523885efc2ed218eafd011",
                "sha256:70eaef4934b87193a27d802534dc466778ad8d536e296ae2f9334e182ac27b6c",
                "sha256:757b501fa57e24896cf40a831442b19a864f56d253679f34f260dcb002524a6c",
                "sha256:82b2c42c1b9ebc89e822e7e13bbe9d17ede0c23c187469fdd9505afd5a481314",
                "sha256:a5bc1472223a643f5ffb5bf46ccdede7f9795078194f14edd69e3aab7020d327",
                "sha256:aa77046904db764b0462036bc63ef71f02b75b8f72e9c9dd4c447d6da1ed8f8e",
                "sha256:ac7f7c377c122b649f7545810c6cd1b47586e3aa3059126ce3516ac7ccc6a6a9",
                "sha256:ca06aa08e39bf57e39a258e1996474f84d0dd8130d486c00bec26d797b8c5446",
                "sha256:d8dd848ee7ca7c8153462557655570156c2be94e79acec3561cf379581343259",
                "sha256:d911c442571605e17658ca2b416fd8579c5050ac9adc5e00c2cb3126c97f73bc",
                "sha256:e695dad6897896e9384cf5e2687d9ae9feaef50e802f93602d35458e20d1fb19",
                "sha256:e78f46ff39a427e10b4a61614a2777ad69559cc8d603a7c05681f5a595ea98f7",
                "sha256:f04cad4385e20be7c7176bb8ae3dca54a08e9756cfc97bcdb4f18560c3042063",
                "sha256:f12d30dd6266557aaaf0aa0f9580a9a8fbeadfa83699c487713e355ec5f0bd86",
                "sha256:f98bd8962ad549c27d63845b50af3f53ec468b6318400c9f1adfe8b092d7b62f",
                "sha256:fe2c4bf29bf4e89790b3117470dea2c20b59932772483082c468b990d45fb947"
            ],
            "markers": "python_version >= '3.9'",
            "version": "==0.19.0"
        },
        "multidict": {
            "hashes": [
                "sha256:0085b0afb2446e57050140240a8595846ed64d1cbd26cef936bfab3192c673b8",
                "sha256:042028348dc5a1f2be6c666437042a98a5d24cee50380f4c0902215e5ec41844",
                "sha256:05fefbc3cddc4e36da209a5e49f1094bbece9a581faa7f3589201fd95df40e5d",
                "sha256:063be88bd684782a0715641de853e1e58a2f25b76388538bd62d974777ce9bc2",
                "sha256:07bfa8bc649783e703263f783f73e27fef8cd37baaad4389816cf6a133141331",
                "sha256:08549895e6a799bd551cf276f6e59820aa084f0f90665c0f03dd3a50db5d3c48",
                "sha256:095a2eabe8c43041d3e6c2cb8287a257b5f1801c2d6ebd1dd877424f1e89cf29",
                "sha256:0b183a959fb88ad1be201de2c4bdf52fa8e46e6c185d76201286a97b6f5ee65c",
                "sha256:0c383d28857f66f5aebe3e91d6cf498da73af75fbd51cedbe1adfb85e90c0460",
                "sha256:0d57a01a2a9fa00234aace434d8c131f0ac6e0ac6ef131eda5962d7e79edfb5b",
                "sha256:0dc25a3293c50744796e87048de5e68996104d86d940bb24bc3ec31df281b191",
                "sha256:0e5a644e50ef9fb87878d4d57907f03a12410d2aa3b93b3acdf90a741df52c49",
                "sha256:0f249badb360b0b4d694307ad40f811f83df4da8cef7b68e429e4eea939e49dd",
                "sha256:0f74f2fc51555f4b037ef278efc29a870d327053aba5cb7d86ae572426c7cccc",
                "sha256:125dd82b40f8c06d08d87b3510beaccb88afac94e9ed4a6f6c71362dc7dbb04b",
                "sha256:13551d0e2d7201f0959725a6a769b6f7b9019a168ed96006479c9ac33fe4096b",
                "sha256:14ed9ed1bfedd72a877807c71113deac292bf485159a29025dfdc524c326f3e1",
                "sha256:163f4604e76639f728d127293d24c3e208b445b463168af3d031b92b0998bb90",
                "sha256:19e2819b0b468174de25c0ceed766606a07cedeab132383f1e83b9a4e96ccb4f",
                "sha256:1e2a2193d3aa5cbf5758f6d5680a52aa848e0cf611da324f71e5e48a9695cc86",
                "sha256:1f3c099d3899b14e1ce52262eb82a5f5cb92157bb5106bf627b618c090a0eadc",
                "sha256:214207dcc7a6221d9942f23797fe89144128a71c03632bf713d918db99bd36de",
                "sha256:2325105e16d434749e1be8022f942876a936f9bece4ec41ae244e3d7fae42aaf",
                "sha256:2529ddbdaa424b2c6c2eb668ea684dd6b75b839d0ad4b21aad60c168269478d7",
                "sha256:256d431fe4583c5f1e0f2e9c4d9c22f3a04ae96009b8cfa096da3a8723db0a16",
                "sha256:25bb96338512e2f46f615a2bb7c6012fe92a4a5ebd353e5020836a7e33120349",
                "sha256:2e87f1926e91855ae61769ba3e3f7315120788c099677e0842e697b0bfb659f2",
                "sha256:2fc6af8e39f7496047c7876314f4317736eac82bf85b54c7c76cf1a6f8e35d98",
                "sha256:3157126b028c074951839233647bd0e30df77ef1fedd801b48bdcad242a60f4e",
                "sha256:32c9b4878f48be3e75808ea7e499d6223b1eea6d54c487a66bc10a1871e3dc6a",
                "sha256:32ed748ff9ac682eae7859790d3044b50e3076c7d80e17a44239683769ff485e",
                "sha256:3501621d5e86f1a88521ea65d5cad0a0834c77b26f193747615b7c911e5422d2",
                "sha256:437c33561edb6eb504b5a30203daf81d4a9b727e167e78b0854d9a4e18e8950b",
                "sha256:48d39b1824b8d6ea7de878ef6226efbe0773f9c64333e1125e0efcfdd18a24c7",
                "sha256:4ac3fcf9a2d369bd075b2c2965544036a27ccd277fc3c04f708338cc57533081",
                "sha256:4ccfd74957ef53fa7380aaa1c961f523d582cd5e85a620880ffabd407f8202c0",
                "sha256:52b05e21ff05729fbea9bc20b3a791c3c11da61649ff64cce8257c82a020466d",
                "sha256:5389445f0173c197f4a3613713b5fb3f3879df1ded2a1a2e4bc4b5b9c5441b7e",
                "sha256:5c5e7d2e300d5cb3b2693b6d60d3e8c8e7dd4ebe27cd17c9cb57020cac0acb80",
                "sha256:5d26547423e5e71dcc562c4acdc134b900640a39abd9066d7326a7cc2324c530",
                "sha256:5dd7106d064d05896ce28c97da3f46caa442fe5a43bc26dfb258e90853b39b44",
                "sha256:5f8cb1329f42fadfb40d6211e5ff568d71ab49be36e759345f91c69d1033d633",
                "sha256:61d5541f27533f803a941d3a3f8a3d10ed48c12cf918f557efcbf3cd04ef265c",
                "sha256:639556758c36093b35e2e368ca485dada6afc2bd6a1b1207d85ea6dfc3deab27",
                "sha256:641cf2e3447c9ecff2f7aa6e9eee9eaa286ea65d57b014543a4911ff2799d08a",
                "sha256:6aed763b6a1b28c46c055692836879328f0b334a6d61572ee4113a5d0c859872",
                "sha256:6e2a2d6749e1ff2c9c76a72c6530d5baa601205b14e441e6d98011000f47a7ac",
                "sha256:7243c5a6523c5cfeca76e063efa5f6a656d1d74c8b1fc64b2cd1e84e507f7e2a",
                "sha256:76b34c12b013d813e6cb325e6bd4f9c984db27758b16085926bbe7ceeaace626",
                "sha256:781b5dd1db18c9e9eacc419027b0acb5073bdec9de1675c0be25ceb10e2ad133",
                "sha256:7c611345bbe7cb44aabb877cb94b63e86f2d0db03e382667dbd037866d44b4f8",
                "sha256:83b78c680d4b15d33042d330c2fa31813ca3974197bddb3836a5c635a5fd013f",
                "sha256:84e87a7d75fa36839a3a432286d719975362d230c70ebfa0948549cc38bd5b46",
                "sha256:89b3857652183b8206a891168af47bac10b970d275bba1f6ee46565a758c078d",
                "sha256:8cd1a0644ccaf27e9d2f6d9c9474faabee21f0578fe85225cc5af9a61e1653df",
                "sha256:8de4d42dffd5ced9117af2ce66ba8722402541a3aa98ffdf78dde92badb68932",
                "sha256:94a7bb972178a8bfc4055db80c51efd24baefaced5e51c59b0d598a004e8305d",
                "sha256:98aa8325c7f47183b45588af9c434533196e241be0a4e4ae2190b06d17675c02",
                "sha256:9e658d1373c424457ddf6d55ec1db93c280b8579276bebd1f72f113072df8a5d",
                "sha256:9f49585f4abadd2283034fc605961f40c638635bc60f5162276fec075f2e37a4",
                "sha256:9f6cad071960ba1914fa231677d21b1b4a3acdcce463cee41ea30bc82e6040cf",
                "sha256:a0cc398350ef31167e03f3ca7c19313d4e40a662adcb98a88755e4e861170bdd",
                "sha256:a1133414b771619aa3c3000701c11b2e4624a7f492f12f256aedde97c28331a2",
                "sha256:a33273a541f1e1a8219b2a4ed2de355848ecc0254264915b9290c8d2de1c74e1",
                "sha256:a3c0ff89fe40a152e77b191b83282c9664357dce3004032d42e68c514ceff27e",
                "sha256:a49994481b99cd7dedde07f2e7e93b1d86c01c0fca1c32aded18f10695ae17eb",
                "sha256:abf5b17bc0cf626a8a497d89ac691308dbd825d2ac372aa990b1ca114e470151",
                "sha256:ac380cacdd3b183338ba63a144a34e9044520a6fb30c58aa14077157a033c13e",
                "sha256:ad81012b24b88aad4c70b2cbc2dad84018783221b7f923e926f4690ff8569da3",
                "sha256:b2c00ad31fbc2cbac85d7d0fcf90853b2ca2e69d825a2d3f3edb842ef1544a2c",
                "sha256:b4c153863dd6569f6511845922c53e39c8d61f6e81f228ad5443e690fca403de",
                "sha256:b4f3d66dd0354b79761481fc15bdafaba0b9d9076f1f42cc9ce10d7fcbda205a",
                "sha256:b99aac6bb2c37db336fa03a39b40ed4ef2818bf2dfb9441458165ebe88b793af",
                "sha256:b9f6392d98c0bd70676ae41474e2eecf4c7150cb419237a41f8f96043fcb81d1",
                "sha256:c537da54ce4ff7c15e78ab1292e5799d0d43a2108e006578a57f531866f64025",
                "sha256:ca23db5fb195b5ef4fd1f77ce26cadefdf13dba71dab14dadd29b34d457d7c44",
                "sha256:cc826b9a8176e686b67aa60fd6c6a7047b0461cae5591ea1dc73d28f72332a8a",
                "sha256:cca83a629f77402cfadd58352e394d79a61c8015f1694b83ab72237ec3941f88",
                "sha256:cf8d370b2fea27fb300825ec3984334f7dd54a581bde6456799ba3776915a656",
                "sha256:d1175b0e0d6037fab207f05774a176d71210ebd40b1c51f480a04b65ec5c786d",
                "sha256:d1996ee1330e245cd3aeda0887b4409e3930524c27642b046e4fae88ffa66c5e",
                "sha256:d5a36953389f35f0a4e88dc796048829a2f467c9197265504593f0e420571547",
                "sha256:da51d8928ad8b4244926fe862ba1795f0b6e68ed8c42cd2f822d435db9c2a8f4",
                "sha256:e16e7297f29a544f49340012d6fc08cf14de0ab361c9eb7529f6a57a30cbfda1",
                "sha256:e25b11a0417475f093d0f0809a149aff3943c2c56da50fdf2c3c88d57fe3dfbd",
                "sha256:e4371591e621579cb6da8401e4ea405b33ff25a755874a3567c4075ca63d56e2",
                "sha256:e653d36b1bf48fa78c7fcebb5fa679342e025121ace8c87ab05c1cefd33b34fc",
                "sha256:e7d91a230c7f8af86c904a5a992b8c064b66330544693fd6759c3d6162382ecf",
                "sha256:e851e6363d0dbe515d8de81fd544a2c956fdec6f8a049739562286727d4a00c3",
                "sha256:ef7d48207926edbf8b16b336f779c557dd8f5a33035a85db9c4b0febb0706817",
                "sha256:f7716f7e7138252d88607228ce40be22660d6608d20fd365d596e7ca0738e019",
                "sha256:facaf11f21f3a4c51b62931feb13310e6fe3475f85e20d9c9fdce0d2ea561b87"
            ],
            "markers": "python_version >= '3.9'",
            "version": "==6.2.0"
        },
        "multipart": {
            "hashes": [
                "sha256:829b909b67bc1ad1c6d4488fcdc6391c2847842b08323addf5200db88dbe9480",
                "sha256:c03dc203bc2e67f6b46a599467ae0d87cf71d7530504b2c1ff4a9ea21d8b8c8c"
            ],
            "markers": "python_version >= '3.8'",
            "version": "==1.2.1"
        },
        "polyfactory": {
            "hashes": [
                "sha256:6a808454bb03afacf54abeeb50d79b86c9e5b8476efc2bc3788e5ece26dd561a",
                "sha256:86017160f05332baadb5eaf89885e1ba7bb447a3140e46ba4546848c76cbdec5"
            ],
            "markers": "python_version >= '3.8' and python_version < '4.0'",
            "version": "==2.20.0"
        },
        "pygments": {
            "hashes": [
                "sha256:61c16d2a8576dc0649d9f39e089b5f02bcd27fba10d8fb4dcc28173f7a45151f",
                "sha256:9ea1544ad55cecf4b8242fab6dd35a93bbce657034b0611ee383099054ab6d8c"
            ],
            "markers": "python_version >= '3.8'",
            "version": "==2.19.1"
        },
        "pyyaml": {
            "hashes": [
                "sha256:01179a4a8559ab5de078078f37e5c1a30d76bb88519906844fd7bdea1b7729ff",
                "sha256:0833f8694549e586547b576dcfaba4a6b55b9e96098b36cdc7ebefe667dfed48",
                "sha256:0a9a2848a5b7feac301353437eb7d5957887edbf81d56e903999a75a3d743086",
                "sha256:0b69e4ce7a131fe56b7e4d770c67429700908fc0752af059838b1cfb41960e4e",
                "sha256:0ffe8360bab4910ef1b9e87fb812d8bc0a308b0d0eef8c8f44e0254ab3b07133",
                "sha256:11d8f3dd2b9c1207dcaf2ee0bbbfd5991f571186ec9cc78427ba5bd32afae4b5",
                "sha256:17e311b6c678207928d649faa7cb0d7b4c26a0ba73d41e99c4fff6b6c3276484",
                "sha256:1e2120ef853f59c7419231f3bf4e7021f1b936f6ebd222406c3b60212205d2ee",
                "sha256:1f71ea527786de97d1a0cc0eacd1defc0985dcf6b3f17bb77dcfc8c34bec4dc5",
                "sha256:23502f431948090f597378482b4812b0caae32c22213aecf3b55325e049a6c68",
                "sha256:24471b829b3bf607e04e88d79542a9d48bb037c2267d7927a874e6c205ca7e9a",
                "sha256:29717114e51c84ddfba879543fb232a6ed60086602313ca38cce623c1d62cfbf",
                "sha256:2e99c6826ffa974fe6e27cdb5ed0021786b03fc98e5ee3c5bfe1fd5015f42b99",
                "sha256:39693e1f8320ae4f43943590b49779ffb98acb81f788220ea932a6b6c51004d8",
                "sha256:3ad2a3decf9aaba3d29c8f537ac4b243e36bef957511b4766cb0057d32b0be85",
                "sha256:3b1fdb9dc17f5a7677423d508ab4f243a726dea51fa5e70992e59a7411c89d19",
                "sha256:41e4e3953a79407c794916fa277a82531dd93aad34e29c2a514c2c0c5fe971cc",
                "sha256:43fa96a3ca0d6b1812e01ced1044a003533c47f6ee8aca31724f78e93ccc089a",
                "sha256:50187695423ffe49e2deacb8cd10510bc361faac997de9efef88badc3bb9e2d1",
                "sha256:5ac9328ec4831237bec75defaf839f7d4564be1e6b25ac710bd1a96321cc8317",
                "sha256:5d225db5a45f21e78dd9358e58a98702a0302f2659a3c6cd320564b75b86f47c",
                "sha256:6395c297d42274772abc367baaa79683958044e5d3835486c16da75d2a694631",
                "sha256:688ba32a1cffef67fd2e9398a2efebaea461578b0923624778664cc1c914db5d",
                "sha256:68ccc6023a3400877818152ad9a1033e3db8625d899c72eacb5a668902e4d652",
                "sha256:70b189594dbe54f75ab3a1acec5f1e3faa7e8cf2f1e08d9b561cb41b845f69d5",
                "sha256:797b4f722ffa07cc8d62053e4cff1486fa6dc094105d13fea7b1de7d8bf71c9e",
                "sha256:7c36280e6fb8385e520936c3cb3b8042851904eba0e58d277dca80a5cfed590b",
                "sha256:7e7401d0de89a9a855c839bc697c079a4af81cf878373abd7dc625847d25cbd8",
                "sha256:80bab7bfc629882493af4aa31a4cfa43a4c57c83813253626916b8c7ada83476",
                "sha256:82d09873e40955485746739bcb8b4586983670466c23382c19cffecbf1fd8706",
                "sha256:8388ee1976c416731879ac16da0aff3f63b286ffdd57cdeb95f3f2e085687563",
                "sha256:8824b5a04a04a047e72eea5cec3bc266db09e35de6bdfe34c9436ac5ee27d237",
                "sha256:8b9c7197f7cb2738065c481a0461e50ad02f18c78cd75775628afb4d7137fb3b",
                "sha256:9056c1ecd25795207ad294bcf39f2db3d845767be0ea6e6a34d856f006006083",
                "sha256:936d68689298c36b53b29f23c6dbb74de12b4ac12ca6cfe0e047bedceea56180",
                "sha256:9b22676e8097e9e22e36d6b7bda33190d0d400f345f23d4065d48f4ca7ae0425",
                "sha256:a4d3091415f010369ae4ed1fc6b79def9416358877534caf6a0fdd2146c87a3e",
                "sha256:a8786accb172bd8afb8be14490a16625cbc387036876ab6ba70912730faf8e1f",
                "sha256:a9f8c2e67970f13b16084e04f134610fd1d374bf477b17ec1599185cf611d725",
                "sha256:bc2fa7c6b47d6bc618dd7fb02ef6fdedb1090ec036abab80d4681424b84c1183",
                "sha256:c70c95198c015b85feafc136515252a261a84561b7b1d51e3384e0655ddf25ab",
                "sha256:cc1c1159b3d456576af7a3e4d1ba7e6924cb39de8f67111c735f6fc832082774",
                "sha256:ce826d6ef20b1bc864f0a68340c8b3287705cae2f8b4b1d932177dcc76721725",
                "sha256:d584d9ec91ad65861cc08d42e834324ef890a082e591037abe114850ff7bbc3e",
                "sha256:d7fded462629cfa4b685c5416b949ebad6cec74af5e2d42905d41e257e0869f5",
                "sha256:d84a1718ee396f54f3a086ea0a66d8e552b2ab2017ef8b420e92edbc841c352d",
                "sha256:d8e03406cac8513435335dbab54c0d385e4a49e4945d2909a581c83647ca0290",
                "sha256:e10ce637b18caea04431ce14fabcf5c64a1c61ec9c56b071a4b7ca131ca52d44",
                "sha256:ec031d5d2feb36d1d1a24380e4db6d43695f3748343d99434e6f5f9156aaa2ed",
                "sha256:ef6107725bd54b262d6dedcc2af448a266975032bc85ef0172c5f059da6325b4",
                "sha256:efdca5630322a10774e8e98e1af481aad470dd62c3170801852d752aa7a783ba",
                "sha256:f753120cb8181e736c57ef7636e83f31b9c0d1722c516f7e86cf15b7aa57ff12",
                "sha256:ff3824dc5261f50c9b0dfb3be22b4567a6f938ccce4587b38952d85fd9e9afe4"
            ],
            "markers": "python_version >= '3.8'",
            "version": "==6.0.2"
        },
        "rich": {
            "hashes": [
                "sha256:439594978a49a09530cff7ebc4b5c7103ef57baf48d5ea3184f21d9a2befa098",
                "sha256:6049d5e6ec054bf2779ab3358186963bac2ea89175919d699e378b99738c2a90"
            ],
            "markers": "python_full_version >= '3.8.0'",
            "version": "==13.9.4"
        },
        "rich-click": {
            "hashes": [
                "sha256:205aabd5a98e64ab2c105dee9e368be27480ba004c7dfa2accd0ed44f9f1550e",
                "sha256:547c618dea916620af05d4a6456da797fbde904c97901f44d2f32f89d85d6c84"
            ],
            "markers": "python_version >= '3.7'",
            "version": "==1.8.8"
        },
        "sniffio": {
            "hashes": [
                "sha256:2f6da418d1f1e0fddd844478f41680e794e6051915791a034ff65e5f100525a2",
                "sha256:f4324edc670a0f49750a81b895f35c3adb843cca46f0530f79fc1babb23789dc"
            ],
            "markers": "python_version >= '3.7'",
            "version": "==1.3.1"
        },
        "typing-extensions": {
            "hashes": [
                "sha256:0a4ac55a5820789d87e297727d229866c9650f6521b64206413c4fbada24d95b",
                "sha256:c8dd92cc0d6425a97c18fbb9d1954e5ff92c1ca881a309c45f06ebc0b79058e5"
            ],
            "markers": "python_version >= '3.8'",
            "version": "==4.13.0"
        },
        "tzdata": {
            "hashes": [
                "sha256:1a403fada01ff9221ca8044d701868fa132215d84beb92242d9acd2147f667a8",
                "sha256:b60a638fcc0daffadf82fe0f57e53d06bdec2f36c4df66280ae79bce6bd6f2b9"
            ],
            "markers": "python_version >= '2'",
            "version": "==2025.2"
        }
    },
    "develop": {}
}
