{
    "_meta": {
        "hash": {
            "sha256": "be90eae27c3e11890df71c711cd71c4d2198639583f8a0f4cc342b915b936aed"
        },
        "pipfile-spec": 6,
        "requires": {
            "python_version": "3.13"
        },
        "sources": [
            {
                "name": "pypi",
                "url": "https://pypi.org/simple",
                "verify_ssl": true
            }
        ]
    },
    "default": {
        "annotated-types": {
            "hashes": [
                "sha256:1f02e8b43a8fbbc3f3e0d4f0f4bfc8131bcb4eebe8849b8e5c773f3a1c582a53",
                "sha256:aff07c09a53a08bc8cfccb9c85b05f1aa9a2a6f23728d790723543408344ce89"
            ],
            "markers": "python_version >= '3.8'",
            "version": "==0.7.0"
        },
        "anyio": {
            "hashes": [
                "sha256:673c0c244e15788651a4ff38710fea9675823028a6f08a5eda409e0c9840a028",
                "sha256:9f76d541cad6e36af7beb62e978876f3b41e3e04f2c1fbf0884604c0a9c4d93c"
            ],
            "markers": "python_version >= '3.9'",
            "version": "==4.9.0"
        },
        "black": {
            "hashes": [
                "sha256:030b9759066a4ee5e5aca28c3c77f9c64789cdd4de8ac1df642c40b708be6171",
                "sha256:055e59b198df7ac0b7efca5ad7ff2516bca343276c466be72eb04a3bcc1f82d7",
                "sha256:0e519ecf93120f34243e6b0054db49c00a35f84f195d5bce7e9f5cfc578fc2da",
                "sha256:172b1dbff09f86ce6f4eb8edf9dede08b1fce58ba194c87d7a4f1a5aa2f5b3c2",
                "sha256:1e2978f6df243b155ef5fa7e558a43037c3079093ed5d10fd84c43900f2d8ecc",
                "sha256:33496d5cd1222ad73391352b4ae8da15253c5de89b93a80b3e2c8d9a19ec2666",
                "sha256:3b48735872ec535027d979e8dcb20bf4f70b5ac75a8ea99f127c106a7d7aba9f",
                "sha256:4b60580e829091e6f9238c848ea6750efed72140b91b048770b64e74fe04908b",
                "sha256:759e7ec1e050a15f89b770cefbf91ebee8917aac5c20483bc2d80a6c3a04df32",
                "sha256:8f0b18a02996a836cc9c9c78e5babec10930862827b1b724ddfe98ccf2f2fe4f",
                "sha256:95e8176dae143ba9097f351d174fdaf0ccd29efb414b362ae3fd72bf0f710717",
                "sha256:96c1c7cd856bba8e20094e36e0f948718dc688dba4a9d78c3adde52b9e6c2299",
                "sha256:a1ee0a0c330f7b5130ce0caed9936a904793576ef4d2b98c40835d6a65afa6a0",
                "sha256:a22f402b410566e2d1c950708c77ebf5ebd5d0d88a6a2e87c86d9fb48afa0d18",
                "sha256:a39337598244de4bae26475f77dda852ea00a93bd4c728e09eacd827ec929df0",
                "sha256:afebb7098bfbc70037a053b91ae8437c3857482d3a690fefc03e9ff7aa9a5fd3",
                "sha256:bacabb307dca5ebaf9c118d2d2f6903da0d62c9faa82bd21a33eecc319559355",
                "sha256:bce2e264d59c91e52d8000d507eb20a9aca4a778731a08cfff7e5ac4a4bb7096",
                "sha256:d9e6827d563a2c820772b32ce8a42828dc6790f095f441beef18f96aa6f8294e",
                "sha256:db8ea9917d6f8fc62abd90d944920d95e73c83a5ee3383493e35d271aca872e9",
                "sha256:ea0213189960bda9cf99be5b8c8ce66bb054af5e9e861249cd23471bd7b0b3ba",
                "sha256:f3df5f1bf91d36002b0a75389ca8663510cf0531cca8aa5c1ef695b46d98655f"
            ],
            "index": "pypi",
            "markers": "python_version >= '3.9'",
            "version": "==25.1.0"
        },
        "certifi": {
            "hashes": [
                "sha256:3d5da6925056f6f18f119200434a4780a94263f10d1c21d032a6f6b2baa20651",
                "sha256:ca78db4565a652026a4db2bcdf68f2fb589ea80d0be70e03929ed730746b84fe"
            ],
            "markers": "python_version >= '3.6'",
            "version": "==2025.1.31"
        },
        "click": {
            "hashes": [
                "sha256:63c132bbbed01578a06712a2d1f497bb62d9c1c0d329b7903a866228027263b2",
                "sha256:ed53c9d8990d83c2a27deae68e4ee337473f6330c040a31d4225c9574d16096a"
            ],
            "markers": "python_version >= '3.7'",
            "version": "==8.1.8"
        },
        "faker": {
            "hashes": [
                "sha256:ad9dc66a3b84888b837ca729e85299a96b58fdaef0323ed0baace93c9614af06",
                "sha256:dc2f730be71cb770e9c715b13374d80dbcee879675121ab51f9683d262ae9a1c"
            ],
            "markers": "python_version >= '3.9'",
            "version": "==37.1.0"
        },
        "h11": {
            "hashes": [
                "sha256:8f19fbbe99e72420ff35c00b27a34cb9937e902a8b810e2c88300c6f0a3b699d",
                "sha256:e3fe4ac4b851c468cc8363d500db52c2ead036020723024a109d37346efaa761"
            ],
            "markers": "python_version >= '3.7'",
            "version": "==0.14.0"
        },
        "httpcore": {
            "hashes": [
                "sha256:8551cb62a169ec7162ac7be8d4817d561f60e08eaa485234898414bb5a8a0b4c",
                "sha256:a3fff8f43dc260d5bd363d9f9cf1830fa3a458b332856f34282de498ed420edd"
            ],
            "markers": "python_version >= '3.8'",
            "version": "==1.0.7"
        },
        "httpx": {
            "hashes": [
                "sha256:75e98c5f16b0f35b567856f597f06ff2270a374470a5c2392242528e3e3e42fc",
                "sha256:d909fcccc110f8c7faf814ca82a9a4d816bc5a6dbfea25d6591d6985b8ba59ad"
            ],
            "markers": "python_version >= '3.8'",
            "version": "==0.28.1"
        },
        "idna": {
            "hashes": [
                "sha256:12f65c9b470abda6dc35cf8e63cc574b1c52b11df2c86030af0ac09b01b13ea9",
                "sha256:946d195a0d259cbba61165e88e65941f16e9b36ea6ddb97f00452bae8b1287d3"
            ],
            "markers": "python_version >= '3.6'",
            "version": "==3.10"
        },
        "iniconfig": {
            "hashes": [
                "sha256:3abbd2e30b36733fee78f9c7f7308f2d0050e88f0087fd25c2645f63c773e1c7",
                "sha256:9deba5723312380e77435581c6bf4935c94cbfab9b1ed33ef8d238ea168eb760"
            ],
            "markers": "python_version >= '3.8'",
            "version": "==2.1.0"
        },
        "litestar": {
            "hashes": [
                "sha256:3791437e31691eadf8079f70180f3186c1db245e093ad3ff21f5cdbfc7e9df3e",
                "sha256:9458ba9c3397c0bc566e649baa5c461145f0c24f4c54451a64ad8adce57cf9de"
            ],
            "index": "pypi",
            "markers": "python_version >= '3.8' and python_version < '4.0'",
            "version": "==2.15.1"
        },
        "litestar-htmx": {
            "hashes": [
                "sha256:ba2537008eb8cc18bfc8bee5cecb280924c7818bb1c066d79eae4b221696ca08",
                "sha256:ba2a8ff1e210f21980735b9cde13d239a2b7c3627cb4aeb425d66f4a314d1a59"
            ],
            "markers": "python_version >= '3.8' and python_version < '4.0'",
            "version": "==0.4.1"
        },
        "markdown-it-py": {
            "hashes": [
                "sha256:355216845c60bd96232cd8d8c40e8f9765cc86f46880e43a8fd22dc1a1a8cab1",
                "sha256:e3f60a94fa066dc52ec76661e37c851cb232d92f9886b15cb560aaada2df8feb"
            ],
            "markers": "python_version >= '3.8'",
            "version": "==3.0.0"
        },
        "mdurl": {
            "hashes": [
                "sha256:84008a41e51615a49fc9966191ff91509e3c40b939176e643fd50a5c2196b8f8",
                "sha256:bb413d29f5eea38f31dd4754dd7377d4465116fb207585f97bf925588687c1ba"
            ],
            "markers": "python_version >= '3.7'",
            "version": "==0.1.2"
        },
        "msgspec": {
            "hashes": [
                "sha256:00e87ecfa9795ee5214861eab8326b0e75475c2e68a384002aa135ea2a27d909",
                "sha256:047cfa8675eb3bad68722cfe95c60e7afabf84d1bd8938979dd2b92e9e4a9551",
                "sha256:0553bbc77662e5708fe66aa75e7bd3e4b0f209709c48b299afd791d711a93c36",
                "sha256:067f0de1c33cfa0b6a8206562efdf6be5985b988b53dd244a8e06f993f27c8c0",
                "sha256:0684573a821be3c749912acf5848cce78af4298345cb2d7a8b8948a0a5a27cfe",
                "sha256:0f5c043ace7962ef188746e83b99faaa9e3e699ab857ca3f367b309c8e2c6b12",
                "sha256:15c1e86fff77184c20a2932cd9742bf33fe23125fa3fcf332df9ad2f7d483044",
                "sha256:19746b50be214a54239aab822964f2ac81e38b0055cca94808359d779338c10e",
                "sha256:2719647625320b60e2d8af06b35f5b12d4f4d281db30a15a1df22adb2295f633",
                "sha256:317050bc0f7739cb30d257ff09152ca309bf5a369854bbf1e57dffc310c1f20f",
                "sha256:3b5541b2b3294e5ffabe31a09d604e23a88533ace36ac288fa32a420aa38d229",
                "sha256:3be5c02e1fee57b54130316a08fe40cca53af92999a302a6054cd451700ea7db",
                "sha256:3c4ec642689da44618f68c90855a10edbc6ac3ff7c1d94395446c65a776e712a",
                "sha256:43bbb237feab761b815ed9df43b266114203f53596f9b6e6f00ebd79d178cdf2",
                "sha256:45c8fb410670b3b7eb884d44a75589377c341ec1392b778311acdbfa55187716",
                "sha256:4cfc033c02c3e0aec52b71710d7f84cb3ca5eb407ab2ad23d75631153fdb1f12",
                "sha256:5f0f65f29b45e2816d8bded36e6b837a4bf5fb60ec4bc3c625fa2c6da4124537",
                "sha256:604037e7cd475345848116e89c553aa9a233259733ab51986ac924ab1b976f8e",
                "sha256:60ef4bdb0ec8e4ad62e5a1f95230c08efb1f64f32e6e8dd2ced685bcc73858b5",
                "sha256:695b832d0091edd86eeb535cd39e45f3919f48d997685f7ac31acb15e0a2ed90",
                "sha256:6c7adf191e4bd3be0e9231c3b6dc20cf1199ada2af523885efc2ed218eafd011",
                "sha256:70eaef4934b87193a27d802534dc466778ad8d536e296ae2f9334e182ac27b6c",
                "sha256:757b501fa57e24896cf40a831442b19a864f56d253679f34f260dcb002524a6c",
                "sha256:82b2c42c1b9ebc89e822e7e13bbe9d17ede0c23c187469fdd9505afd5a481314",
                "sha256:a5bc1472223a643f5ffb5bf46ccdede7f9795078194f14edd69e3aab7020d327",
                "sha256:aa77046904db764b0462036bc63ef71f02b75b8f72e9c9dd4c447d6da1ed8f8e",
                "sha256:ac7f7c377c122b649f7545810c6cd1b47586e3aa3059126ce3516ac7ccc6a6a9",
                "sha256:ca06aa08e39bf57e39a258e1996474f84d0dd8130d486c00bec26d797b8c5446",
                "sha256:d8dd848ee7ca7c8153462557655570156c2be94e79acec3561cf379581343259",
                "sha256:d911c442571605e17658ca2b416fd8579c5050ac9adc5e00c2cb3126c97f73bc",
                "sha256:e695dad6897896e9384cf5e2687d9ae9feaef50e802f93602d35458e20d1fb19",
                "sha256:e78f46ff39a427e10b4a61614a2777ad69559cc8d603a7c05681f5a595ea98f7",
                "sha256:f04cad4385e20be7c7176bb8ae3dca54a08e9756cfc97bcdb4f18560c3042063",
                "sha256:f12d30dd6266557aaaf0aa0f9580a9a8fbeadfa83699c487713e355ec5f0bd86",
                "sha256:f98bd8962ad549c27d63845b50af3f53ec468b6318400c9f1adfe8b092d7b62f",
                "sha256:fe2c4bf29bf4e89790b3117470dea2c20b59932772483082c468b990d45fb947"
            ],
            "markers": "python_version >= '3.9'",
            "version": "==0.19.0"
        },
        "multidict": {
            "hashes": [
                "sha256:0085b0afb2446e57050140240a8595846ed64d1cbd26cef936bfab3192c673b8",
                "sha256:042028348dc5a1f2be6c666437042a98a5d24cee50380f4c0902215e5ec41844",
                "sha256:05fefbc3cddc4e36da209a5e49f1094bbece9a581faa7f3589201fd95df40e5d",
                "sha256:063be88bd684782a0715641de853e1e58a2f25b76388538bd62d974777ce9bc2",
                "sha256:07bfa8bc649783e703263f783f73e27fef8cd37baaad4389816cf6a133141331",
                "sha256:08549895e6a799bd551cf276f6e59820aa084f0f90665c0f03dd3a50db5d3c48",
                "sha256:095a2eabe8c43041d3e6c2cb8287a257b5f1801c2d6ebd1dd877424f1e89cf29",
                "sha256:0b183a959fb88ad1be201de2c4bdf52fa8e46e6c185d76201286a97b6f5ee65c",
                "sha256:0c383d28857f66f5aebe3e91d6cf498da73af75fbd51cedbe1adfb85e90c0460",
                "sha256:0d57a01a2a9fa00234aace434d8c131f0ac6e0ac6ef131eda5962d7e79edfb5b",
                "sha256:0dc25a3293c50744796e87048de5e68996104d86d940bb24bc3ec31df281b191",
                "sha256:0e5a644e50ef9fb87878d4d57907f03a12410d2aa3b93b3acdf90a741df52c49",
                "sha256:0f249badb360b0b4d694307ad40f811f83df4da8cef7b68e429e4eea939e49dd",
                "sha256:0f74f2fc51555f4b037ef278efc29a870d327053aba5cb7d86ae572426c7cccc",
                "sha256:125dd82b40f8c06d08d87b3510beaccb88afac94e9ed4a6f6c71362dc7dbb04b",
                "sha256:13551d0e2d7201f0959725a6a769b6f7b9019a168ed96006479c9ac33fe4096b",
                "sha256:14ed9ed1bfedd72a877807c71113deac292bf485159a29025dfdc524c326f3e1",
                "sha256:163f4604e76639f728d127293d24c3e208b445b463168af3d031b92b0998bb90",
                "sha256:19e2819b0b468174de25c0ceed766606a07cedeab132383f1e83b9a4e96ccb4f",
                "sha256:1e2a2193d3aa5cbf5758f6d5680a52aa848e0cf611da324f71e5e48a9695cc86",
                "sha256:1f3c099d3899b14e1ce52262eb82a5f5cb92157bb5106bf627b618c090a0eadc",
                "sha256:214207dcc7a6221d9942f23797fe89144128a71c03632bf713d918db99bd36de",
                "sha256:2325105e16d434749e1be8022f942876a936f9bece4ec41ae244e3d7fae42aaf",
                "sha256:2529ddbdaa424b2c6c2eb668ea684dd6b75b839d0ad4b21aad60c168269478d7",
                "sha256:256d431fe4583c5f1e0f2e9c4d9c22f3a04ae96009b8cfa096da3a8723db0a16",
                "sha256:25bb96338512e2f46f615a2bb7c6012fe92a4a5ebd353e5020836a7e33120349",
                "sha256:2e87f1926e91855ae61769ba3e3f7315120788c099677e0842e697b0bfb659f2",
                "sha256:2fc6af8e39f7496047c7876314f4317736eac82bf85b54c7c76cf1a6f8e35d98",
                "sha256:3157126b028c074951839233647bd0e30df77ef1fedd801b48bdcad242a60f4e",
                "sha256:32c9b4878f48be3e75808ea7e499d6223b1eea6d54c487a66bc10a1871e3dc6a",
                "sha256:32ed748ff9ac682eae7859790d3044b50e3076c7d80e17a44239683769ff485e",
                "sha256:3501621d5e86f1a88521ea65d5cad0a0834c77b26f193747615b7c911e5422d2",
                "sha256:437c33561edb6eb504b5a30203daf81d4a9b727e167e78b0854d9a4e18e8950b",
                "sha256:48d39b1824b8d6ea7de878ef6226efbe0773f9c64333e1125e0efcfdd18a24c7",
                "sha256:4ac3fcf9a2d369bd075b2c2965544036a27ccd277fc3c04f708338cc57533081",
                "sha256:4ccfd74957ef53fa7380aaa1c961f523d582cd5e85a620880ffabd407f8202c0",
                "sha256:52b05e21ff05729fbea9bc20b3a791c3c11da61649ff64cce8257c82a020466d",
                "sha256:5389445f0173c197f4a3613713b5fb3f3879df1ded2a1a2e4bc4b5b9c5441b7e",
                "sha256:5c5e7d2e300d5cb3b2693b6d60d3e8c8e7dd4ebe27cd17c9cb57020cac0acb80",
                "sha256:5d26547423e5e71dcc562c4acdc134b900640a39abd9066d7326a7cc2324c530",
                "sha256:5dd7106d064d05896ce28c97da3f46caa442fe5a43bc26dfb258e90853b39b44",
                "sha256:5f8cb1329f42fadfb40d6211e5ff568d71ab49be36e759345f91c69d1033d633",
                "sha256:61d5541f27533f803a941d3a3f8a3d10ed48c12cf918f557efcbf3cd04ef265c",
                "sha256:639556758c36093b35e2e368ca485dada6afc2bd6a1b1207d85ea6dfc3deab27",
                "sha256:641cf2e3447c9ecff2f7aa6e9eee9eaa286ea65d57b014543a4911ff2799d08a",
                "sha256:6aed763b6a1b28c46c055692836879328f0b334a6d61572ee4113a5d0c859872",
                "sha256:6e2a2d6749e1ff2c9c76a72c6530d5baa601205b14e441e6d98011000f47a7ac",
                "sha256:7243c5a6523c5cfeca76e063efa5f6a656d1d74c8b1fc64b2cd1e84e507f7e2a",
                "sha256:76b34c12b013d813e6cb325e6bd4f9c984db27758b16085926bbe7ceeaace626",
                "sha256:781b5dd1db18c9e9eacc419027b0acb5073bdec9de1675c0be25ceb10e2ad133",
                "sha256:7c611345bbe7cb44aabb877cb94b63e86f2d0db03e382667dbd037866d44b4f8",
                "sha256:83b78c680d4b15d33042d330c2fa31813ca3974197bddb3836a5c635a5fd013f",
                "sha256:84e87a7d75fa36839a3a432286d719975362d230c70ebfa0948549cc38bd5b46",
                "sha256:89b3857652183b8206a891168af47bac10b970d275bba1f6ee46565a758c078d",
                "sha256:8cd1a0644ccaf27e9d2f6d9c9474faabee21f0578fe85225cc5af9a61e1653df",
                "sha256:8de4d42dffd5ced9117af2ce66ba8722402541a3aa98ffdf78dde92badb68932",
                "sha256:94a7bb972178a8bfc4055db80c51efd24baefaced5e51c59b0d598a004e8305d",
                "sha256:98aa8325c7f47183b45588af9c434533196e241be0a4e4ae2190b06d17675c02",
                "sha256:9e658d1373c424457ddf6d55ec1db93c280b8579276bebd1f72f113072df8a5d",
                "sha256:9f49585f4abadd2283034fc605961f40c638635bc60f5162276fec075f2e37a4",
                "sha256:9f6cad071960ba1914fa231677d21b1b4a3acdcce463cee41ea30bc82e6040cf",
                "sha256:a0cc398350ef31167e03f3ca7c19313d4e40a662adcb98a88755e4e861170bdd",
                "sha256:a1133414b771619aa3c3000701c11b2e4624a7f492f12f256aedde97c28331a2",
                "sha256:a33273a541f1e1a8219b2a4ed2de355848ecc0254264915b9290c8d2de1c74e1",
                "sha256:a3c0ff89fe40a152e77b191b83282c9664357dce3004032d42e68c514ceff27e",
                "sha256:a49994481b99cd7dedde07f2e7e93b1d86c01c0fca1c32aded18f10695ae17eb",
                "sha256:abf5b17bc0cf626a8a497d89ac691308dbd825d2ac372aa990b1ca114e470151",
                "sha256:ac380cacdd3b183338ba63a144a34e9044520a6fb30c58aa14077157a033c13e",
                "sha256:ad81012b24b88aad4c70b2cbc2dad84018783221b7f923e926f4690ff8569da3",
                "sha256:b2c00ad31fbc2cbac85d7d0fcf90853b2ca2e69d825a2d3f3edb842ef1544a2c",
                "sha256:b4c153863dd6569f6511845922c53e39c8d61f6e81f228ad5443e690fca403de",
                "sha256:b4f3d66dd0354b79761481fc15bdafaba0b9d9076f1f42cc9ce10d7fcbda205a",
                "sha256:b99aac6bb2c37db336fa03a39b40ed4ef2818bf2dfb9441458165ebe88b793af",
                "sha256:b9f6392d98c0bd70676ae41474e2eecf4c7150cb419237a41f8f96043fcb81d1",
                "sha256:c537da54ce4ff7c15e78ab1292e5799d0d43a2108e006578a57f531866f64025",
                "sha256:ca23db5fb195b5ef4fd1f77ce26cadefdf13dba71dab14dadd29b34d457d7c44",
                "sha256:cc826b9a8176e686b67aa60fd6c6a7047b0461cae5591ea1dc73d28f72332a8a",
                "sha256:cca83a629f77402cfadd58352e394d79a61c8015f1694b83ab72237ec3941f88",
                "sha256:cf8d370b2fea27fb300825ec3984334f7dd54a581bde6456799ba3776915a656",
                "sha256:d1175b0e0d6037fab207f05774a176d71210ebd40b1c51f480a04b65ec5c786d",
                "sha256:d1996ee1330e245cd3aeda0887b4409e3930524c27642b046e4fae88ffa66c5e",
                "sha256:d5a36953389f35f0a4e88dc796048829a2f467c9197265504593f0e420571547",
                "sha256:da51d8928ad8b4244926fe862ba1795f0b6e68ed8c42cd2f822d435db9c2a8f4",
                "sha256:e16e7297f29a544f49340012d6fc08cf14de0ab361c9eb7529f6a57a30cbfda1",
                "sha256:e25b11a0417475f093d0f0809a149aff3943c2c56da50fdf2c3c88d57fe3dfbd",
                "sha256:e4371591e621579cb6da8401e4ea405b33ff25a755874a3567c4075ca63d56e2",
                "sha256:e653d36b1bf48fa78c7fcebb5fa679342e025121ace8c87ab05c1cefd33b34fc",
                "sha256:e7d91a230c7f8af86c904a5a992b8c064b66330544693fd6759c3d6162382ecf",
                "sha256:e851e6363d0dbe515d8de81fd544a2c956fdec6f8a049739562286727d4a00c3",
                "sha256:ef7d48207926edbf8b16b336f779c557dd8f5a33035a85db9c4b0febb0706817",
                "sha256:f7716f7e7138252d88607228ce40be22660d6608d20fd365d596e7ca0738e019",
                "sha256:facaf11f21f3a4c51b62931feb13310e6fe3475f85e20d9c9fdce0d2ea561b87"
            ],
            "markers": "python_version >= '3.9'",
            "version": "==6.2.0"
        },
        "multipart": {
            "hashes": [
                "sha256:829b909b67bc1ad1c6d4488fcdc6391c2847842b08323addf5200db88dbe9480",
                "sha256:c03dc203bc2e67f6b46a599467ae0d87cf71d7530504b2c1ff4a9ea21d8b8c8c"
            ],
            "markers": "python_version >= '3.8'",
            "version": "==1.2.1"
        },
        "mypy-extensions": {
            "hashes": [
                "sha256:4392f6c0eb8a5668a69e23d168ffa70f0be9ccfd32b5cc2d26a34ae5b844552d",
                "sha256:75dbf8955dc00442a438fc4d0666508a9a97b6bd41aa2f0ffe9d2f2725af0782"
            ],
            "markers": "python_version >= '3.5'",
            "version": "==1.0.0"
        },
        "packaging": {
            "hashes": [
                "sha256:09abb1bccd265c01f4a3aa3f7a7db064b36514d2cba19a2f694fe6150451a759",
                "sha256:c228a6dc5e932d346bc5739379109d49e8853dd8223571c7c5b55260edc0b97f"
            ],
            "markers": "python_version >= '3.8'",
            "version": "==24.2"
        },
        "pathspec": {
            "hashes": [
                "sha256:a0d503e138a4c123b27490a4f7beda6a01c6f288df0e4a8b79c7eb0dc7b4cc08",
                "sha256:a482d51503a1ab33b1c67a6c3813a26953dbdc71c31dacaef9a838c4e29f5712"
            ],
            "markers": "python_version >= '3.8'",
            "version": "==0.12.1"
        },
        "platformdirs": {
            "hashes": [
                "sha256:a03875334331946f13c549dbd8f4bac7a13a50a895a0eb1e8c6a8ace80d40a94",
                "sha256:eb437d586b6a0986388f0d6f74aa0cde27b48d0e3d66843640bfb6bdcdb6e351"
            ],
            "markers": "python_version >= '3.9'",
            "version": "==4.3.7"
        },
        "pluggy": {
            "hashes": [
                "sha256:2cffa88e94fdc978c4c574f15f9e59b7f4201d439195c3715ca9e2486f1d0cf1",
                "sha256:44e1ad92c8ca002de6377e165f3e0f1be63266ab4d554740532335b9d75ea669"
            ],
            "markers": "python_version >= '3.8'",
            "version": "==1.5.0"
        },
        "polyfactory": {
            "hashes": [
                "sha256:6a808454bb03afacf54abeeb50d79b86c9e5b8476efc2bc3788e5ece26dd561a",
                "sha256:86017160f05332baadb5eaf89885e1ba7bb447a3140e46ba4546848c76cbdec5"
            ],
            "markers": "python_version >= '3.8' and python_version < '4.0'",
            "version": "==2.20.0"
        },
        "pydantic": {
            "hashes": [
                "sha256:442557d2910e75c991c39f4b4ab18963d57b9b55122c8b2a9cd176d8c29ce968",
                "sha256:5b6c415eee9f8123a14d859be0c84363fec6b1feb6b688d6435801230b56e0b8"
            ],
            "index": "pypi",
            "markers": "python_version >= '3.9'",
            "version": "==2.11.1"
        },
        "pydantic-core": {
            "hashes": [
                "sha256:024d136ae44d233e6322027bbf356712b3940bee816e6c948ce4b90f18471b3d",
                "sha256:0310524c833d91403c960b8a3cf9f46c282eadd6afd276c8c5edc617bd705dc9",
                "sha256:07b4ced28fccae3f00626eaa0c4001aa9ec140a29501770a88dbbb0966019a86",
                "sha256:085d8985b1c1e48ef271e98a658f562f29d89bda98bf120502283efbc87313eb",
                "sha256:0a98257451164666afafc7cbf5fb00d613e33f7e7ebb322fbcd99345695a9a61",
                "sha256:0bcf0bab28995d483f6c8d7db25e0d05c3efa5cebfd7f56474359e7137f39856",
                "sha256:138d31e3f90087f42aa6286fb640f3c7a8eb7bdae829418265e7e7474bd2574b",
                "sha256:14229c1504287533dbf6b1fc56f752ce2b4e9694022ae7509631ce346158de11",
                "sha256:1583539533160186ac546b49f5cde9ffc928062c96920f58bd95de32ffd7bffd",
                "sha256:175ab598fb457a9aee63206a1993874badf3ed9a456e0654273e56f00747bbd6",
                "sha256:1a69b7596c6603afd049ce7f3835bcf57dd3892fc7279f0ddf987bebed8caa5a",
                "sha256:1a73be93ecef45786d7d95b0c5e9b294faf35629d03d5b145b09b81258c7cd6d",
                "sha256:1b1262b912435a501fa04cd213720609e2cefa723a07c92017d18693e69bf00b",
                "sha256:1b2ea72dea0825949a045fa4071f6d5b3d7620d2a208335207793cf29c5a182d",
                "sha256:20d4275f3c4659d92048c70797e5fdc396c6e4446caf517ba5cad2db60cd39d3",
                "sha256:23c3e77bf8a7317612e5c26a3b084c7edeb9552d645742a54a5867635b4f2453",
                "sha256:26a4ea04195638dcd8c53dadb545d70badba51735b1594810e9768c2c0b4a5da",
                "sha256:26bc7367c0961dec292244ef2549afa396e72e28cc24706210bd44d947582c59",
                "sha256:2a0147c0bef783fd9abc9f016d66edb6cac466dc54a17ec5f5ada08ff65caf5d",
                "sha256:2c0afd34f928383e3fd25740f2050dbac9d077e7ba5adbaa2227f4d4f3c8da5c",
                "sha256:30369e54d6d0113d2aa5aee7a90d17f225c13d87902ace8fcd7bbf99b19124db",
                "sha256:31860fbda80d8f6828e84b4a4d129fd9c4535996b8249cfb8c720dc2a1a00bb8",
                "sha256:34e7fb3abe375b5c4e64fab75733d605dda0f59827752debc99c17cb2d5f3276",
                "sha256:40eb8af662ba409c3cbf4a8150ad32ae73514cd7cb1f1a2113af39763dd616b3",
                "sha256:41d698dcbe12b60661f0632b543dbb119e6ba088103b364ff65e951610cb7ce0",
                "sha256:4726f1f3f42d6a25678c67da3f0b10f148f5655813c5aca54b0d1742ba821b8f",
                "sha256:4927564be53239a87770a5f86bdc272b8d1fbb87ab7783ad70255b4ab01aa25b",
                "sha256:4b6d77c75a57f041c5ee915ff0b0bb58eabb78728b69ed967bc5b780e8f701b8",
                "sha256:4d9149e7528af8bbd76cc055967e6e04617dcb2a2afdaa3dea899406c5521faa",
                "sha256:4deac83a8cc1d09e40683be0bc6d1fa4cde8df0a9bf0cda5693f9b0569ac01b6",
                "sha256:4f1ab031feb8676f6bd7c85abec86e2935850bf19b84432c64e3e239bffeb1ec",
                "sha256:502ed542e0d958bd12e7c3e9a015bce57deaf50eaa8c2e1c439b512cb9db1e3a",
                "sha256:5461934e895968655225dfa8b3be79e7e927e95d4bd6c2d40edd2fa7052e71b6",
                "sha256:58c1151827eef98b83d49b6ca6065575876a02d2211f259fb1a6b7757bd24dd8",
                "sha256:5bdd36b362f419c78d09630cbaebc64913f66f62bda6d42d5fbb08da8cc4f181",
                "sha256:5bf637300ff35d4f59c006fff201c510b2b5e745b07125458a5389af3c0dff8c",
                "sha256:5bf68bb859799e9cec3d9dd8323c40c00a254aabb56fe08f907e437005932f2b",
                "sha256:5d8dc9f63a26f7259b57f46a7aab5af86b2ad6fbe48487500bb1f4b27e051e4c",
                "sha256:5f36afd0d56a6c42cf4e8465b6441cf546ed69d3a4ec92724cc9c8c61bd6ecf4",
                "sha256:5f72914cfd1d0176e58ddc05c7a47674ef4222c8253bf70322923e73e14a4ac3",
                "sha256:6291797cad239285275558e0a27872da735b05c75d5237bbade8736f80e4c225",
                "sha256:62c151ce3d59ed56ebd7ce9ce5986a409a85db697d25fc232f8e81f195aa39a1",
                "sha256:635702b2fed997e0ac256b2cfbdb4dd0bf7c56b5d8fba8ef03489c03b3eb40e2",
                "sha256:64672fa888595a959cfeff957a654e947e65bbe1d7d82f550417cbd6898a1d6b",
                "sha256:68504959253303d3ae9406b634997a2123a0b0c1da86459abbd0ffc921695eac",
                "sha256:69297418ad644d521ea3e1aa2e14a2a422726167e9ad22b89e8f1130d68e1e9a",
                "sha256:6c32a40712e3662bebe524abe8abb757f2fa2000028d64cc5a1006016c06af43",
                "sha256:715c62af74c236bf386825c0fdfa08d092ab0f191eb5b4580d11c3189af9d330",
                "sha256:71dffba8fe9ddff628c68f3abd845e91b028361d43c5f8e7b3f8b91d7d85413e",
                "sha256:7419241e17c7fbe5074ba79143d5523270e04f86f1b3a0dff8df490f84c8273a",
                "sha256:759871f00e26ad3709efc773ac37b4d571de065f9dfb1778012908bcc36b3a73",
                "sha256:7a25493320203005d2a4dac76d1b7d953cb49bce6d459d9ae38e30dd9f29bc9c",
                "sha256:7b79af799630af263eca9ec87db519426d8c9b3be35016eddad1832bac812d87",
                "sha256:7c9c84749f5787781c1c45bb99f433402e484e515b40675a5d121ea14711cf61",
                "sha256:7da333f21cd9df51d5731513a6d39319892947604924ddf2e24a4612975fb936",
                "sha256:82a4eba92b7ca8af1b7d5ef5f3d9647eee94d1f74d21ca7c21e3a2b92e008358",
                "sha256:89670d7a0045acb52be0566df5bc8b114ac967c662c06cf5e0c606e4aadc964b",
                "sha256:8a1d581e8cdbb857b0e0e81df98603376c1a5c34dc5e54039dcc00f043df81e7",
                "sha256:8ec86b5baa36f0a0bfb37db86c7d52652f8e8aa076ab745ef7725784183c3fdd",
                "sha256:91301a0980a1d4530d4ba7e6a739ca1a6b31341252cb709948e0aca0860ce0ae",
                "sha256:918f2013d7eadea1d88d1a35fd4a1e16aaf90343eb446f91cb091ce7f9b431a2",
                "sha256:9cb2390355ba084c1ad49485d18449b4242da344dea3e0fe10babd1f0db7dcfc",
                "sha256:9ee65f0cc652261744fd07f2c6e6901c914aa6c5ff4dcfaf1136bc394d0dd26b",
                "sha256:a608a75846804271cf9c83e40bbb4dab2ac614d33c6fd5b0c6187f53f5c593ef",
                "sha256:a66d931ea2c1464b738ace44b7334ab32a2fd50be023d863935eb00f42be1778",
                "sha256:a7a7f2a3f628d2f7ef11cb6188bcf0b9e1558151d511b974dfea10a49afe192b",
                "sha256:abaeec1be6ed535a5d7ffc2e6c390083c425832b20efd621562fbb5bff6dc518",
                "sha256:abfa44cf2f7f7d7a199be6c6ec141c9024063205545aa09304349781b9a125e6",
                "sha256:ade5dbcf8d9ef8f4b28e682d0b29f3008df9842bb5ac48ac2c17bc55771cc976",
                "sha256:ae62032ef513fe6281ef0009e30838a01057b832dc265da32c10469622613885",
                "sha256:aec79acc183865bad120b0190afac467c20b15289050648b876b07777e67ea48",
                "sha256:b716294e721d8060908dbebe32639b01bfe61b15f9f57bcc18ca9a0e00d9520b",
                "sha256:b9ec80eb5a5f45a2211793f1c4aeddff0c3761d1c70d684965c1807e923a588b",
                "sha256:ba95691cf25f63df53c1d342413b41bd7762d9acb425df8858d7efa616c0870e",
                "sha256:bccc06fa0372151f37f6b69834181aa9eb57cf8665ed36405fb45fbf6cac3bae",
                "sha256:c860773a0f205926172c6644c394e02c25421dc9a456deff16f64c0e299487d3",
                "sha256:ca1103d70306489e3d006b0f79db8ca5dd3c977f6f13b2c59ff745249431a606",
                "sha256:ce72d46eb201ca43994303025bd54d8a35a3fc2a3495fac653d6eb7205ce04f4",
                "sha256:d20cbb9d3e95114325780f3cfe990f3ecae24de7a2d75f978783878cce2ad585",
                "sha256:dcfebee69cd5e1c0b76a17e17e347c84b00acebb8dd8edb22d4a03e88e82a207",
                "sha256:e1c69aa459f5609dec2fa0652d495353accf3eda5bdb18782bc5a2ae45c9273a",
                "sha256:e2762c568596332fdab56b07060c8ab8362c56cf2a339ee54e491cd503612c50",
                "sha256:e37f10f6d4bc67c58fbd727108ae1d8b92b397355e68519f1e4a7babb1473442",
                "sha256:e790954b5093dff1e3a9a2523fddc4e79722d6f07993b4cd5547825c3cbf97b5",
                "sha256:e81a295adccf73477220e15ff79235ca9dcbcee4be459eb9d4ce9a2763b8386c",
                "sha256:e925819a98318d17251776bd3d6aa9f3ff77b965762155bdad15d1a9265c4cfd",
                "sha256:ea30239c148b6ef41364c6f51d103c2988965b643d62e10b233b5efdca8c0099",
                "sha256:eabf946a4739b5237f4f56d77fa6668263bc466d06a8036c055587c130a46f7b",
                "sha256:ecb158fb9b9091b515213bed3061eb7deb1d3b4e02327c27a0ea714ff46b0760",
                "sha256:ecc6d02d69b54a2eb83ebcc6f29df04957f734bcf309d346b4f83354d8376862",
                "sha256:eddb18a00bbb855325db27b4c2a89a4ba491cd6a0bd6d852b225172a1f54b36c",
                "sha256:f00e8b59e1fc8f09d05594aa7d2b726f1b277ca6155fc84c0396db1b373c4555",
                "sha256:f1fb026c575e16f673c61c7b86144517705865173f3d0907040ac30c4f9f5915",
                "sha256:f200b2f20856b5a6c3a35f0d4e344019f805e363416e609e9b47c552d35fd5ea",
                "sha256:f225f3a3995dbbc26affc191d0443c6c4aa71b83358fd4c2b7d63e2f6f0336f9",
                "sha256:f22dab23cdbce2005f26a8f0c71698457861f97fc6318c75814a50c75e87d025",
                "sha256:f3eb479354c62067afa62f53bb387827bee2f75c9c79ef25eef6ab84d4b1ae3b",
                "sha256:fc53e05c16697ff0c1c7c2b98e45e131d4bfb78068fffff92a82d169cbb4c7b7",
                "sha256:ff48a55be9da6930254565ff5238d71d5e9cd8c5487a191cb85df3bdb8c77365"
            ],
            "markers": "python_version >= '3.9'",
            "version": "==2.33.0"
        },
        "pygments": {
            "hashes": [
                "sha256:61c16d2a8576dc0649d9f39e089b5f02bcd27fba10d8fb4dcc28173f7a45151f",
                "sha256:9ea1544ad55cecf4b8242fab6dd35a93bbce657034b0611ee383099054ab6d8c"
            ],
            "markers": "python_version >= '3.8'",
            "version": "==2.19.1"
        },
        "pytest": {
            "hashes": [
                "sha256:c69214aa47deac29fad6c2a4f590b9c4a9fdb16a403176fe154b79c0b4d4d820",
                "sha256:f4efe70cc14e511565ac476b57c279e12a855b11f48f212af1080ef2263d3845"
            ],
            "index": "pypi",
            "markers": "python_version >= '3.8'",
            "version": "==8.3.5"
        },
        "pyyaml": {
            "hashes": [
                "sha256:01179a4a8559ab5de078078f37e5c1a30d76bb88519906844fd7bdea1b7729ff",
                "sha256:0833f8694549e586547b576dcfaba4a6b55b9e96098b36cdc7ebefe667dfed48",
                "sha256:0a9a2848a5b7feac301353437eb7d5957887edbf81d56e903999a75a3d743086",
                "sha256:0b69e4ce7a131fe56b7e4d770c67429700908fc0752af059838b1cfb41960e4e",
                "sha256:0ffe8360bab4910ef1b9e87fb812d8bc0a308b0d0eef8c8f44e0254ab3b07133",
                "sha256:11d8f3dd2b9c1207dcaf2ee0bbbfd5991f571186ec9cc78427ba5bd32afae4b5",
                "sha256:17e311b6c678207928d649faa7cb0d7b4c26a0ba73d41e99c4fff6b6c3276484",
                "sha256:1e2120ef853f59c7419231f3bf4e7021f1b936f6ebd222406c3b60212205d2ee",
                "sha256:1f71ea527786de97d1a0cc0eacd1defc0985dcf6b3f17bb77dcfc8c34bec4dc5",
                "sha256:23502f431948090f597378482b4812b0caae32c22213aecf3b55325e049a6c68",
                "sha256:24471b829b3bf607e04e88d79542a9d48bb037c2267d7927a874e6c205ca7e9a",
                "sha256:29717114e51c84ddfba879543fb232a6ed60086602313ca38cce623c1d62cfbf",
                "sha256:2e99c6826ffa974fe6e27cdb5ed0021786b03fc98e5ee3c5bfe1fd5015f42b99",
                "sha256:39693e1f8320ae4f43943590b49779ffb98acb81f788220ea932a6b6c51004d8",
                "sha256:3ad2a3decf9aaba3d29c8f537ac4b243e36bef957511b4766cb0057d32b0be85",
                "sha256:3b1fdb9dc17f5a7677423d508ab4f243a726dea51fa5e70992e59a7411c89d19",
                "sha256:41e4e3953a79407c794916fa277a82531dd93aad34e29c2a514c2c0c5fe971cc",
                "sha256:43fa96a3ca0d6b1812e01ced1044a003533c47f6ee8aca31724f78e93ccc089a",
                "sha256:50187695423ffe49e2deacb8cd10510bc361faac997de9efef88badc3bb9e2d1",
                "sha256:5ac9328ec4831237bec75defaf839f7d4564be1e6b25ac710bd1a96321cc8317",
                "sha256:5d225db5a45f21e78dd9358e58a98702a0302f2659a3c6cd320564b75b86f47c",
                "sha256:6395c297d42274772abc367baaa79683958044e5d3835486c16da75d2a694631",
                "sha256:688ba32a1cffef67fd2e9398a2efebaea461578b0923624778664cc1c914db5d",
                "sha256:68ccc6023a3400877818152ad9a1033e3db8625d899c72eacb5a668902e4d652",
                "sha256:70b189594dbe54f75ab3a1acec5f1e3faa7e8cf2f1e08d9b561cb41b845f69d5",
                "sha256:797b4f722ffa07cc8d62053e4cff1486fa6dc094105d13fea7b1de7d8bf71c9e",
                "sha256:7c36280e6fb8385e520936c3cb3b8042851904eba0e58d277dca80a5cfed590b",
                "sha256:7e7401d0de89a9a855c839bc697c079a4af81cf878373abd7dc625847d25cbd8",
                "sha256:80bab7bfc629882493af4aa31a4cfa43a4c57c83813253626916b8c7ada83476",
                "sha256:82d09873e40955485746739bcb8b4586983670466c23382c19cffecbf1fd8706",
                "sha256:8388ee1976c416731879ac16da0aff3f63b286ffdd57cdeb95f3f2e085687563",
                "sha256:8824b5a04a04a047e72eea5cec3bc266db09e35de6bdfe34c9436ac5ee27d237",
                "sha256:8b9c7197f7cb2738065c481a0461e50ad02f18c78cd75775628afb4d7137fb3b",
                "sha256:9056c1ecd25795207ad294bcf39f2db3d845767be0ea6e6a34d856f006006083",
                "sha256:936d68689298c36b53b29f23c6dbb74de12b4ac12ca6cfe0e047bedceea56180",
                "sha256:9b22676e8097e9e22e36d6b7bda33190d0d400f345f23d4065d48f4ca7ae0425",
                "sha256:a4d3091415f010369ae4ed1fc6b79def9416358877534caf6a0fdd2146c87a3e",
                "sha256:a8786accb172bd8afb8be14490a16625cbc387036876ab6ba70912730faf8e1f",
                "sha256:a9f8c2e67970f13b16084e04f134610fd1d374bf477b17ec1599185cf611d725",
                "sha256:bc2fa7c6b47d6bc618dd7fb02ef6fdedb1090ec036abab80d4681424b84c1183",
                "sha256:c70c95198c015b85feafc136515252a261a84561b7b1d51e3384e0655ddf25ab",
                "sha256:cc1c1159b3d456576af7a3e4d1ba7e6924cb39de8f67111c735f6fc832082774",
                "sha256:ce826d6ef20b1bc864f0a68340c8b3287705cae2f8b4b1d932177dcc76721725",
                "sha256:d584d9ec91ad65861cc08d42e834324ef890a082e591037abe114850ff7bbc3e",
                "sha256:d7fded462629cfa4b685c5416b949ebad6cec74af5e2d42905d41e257e0869f5",
                "sha256:d84a1718ee396f54f3a086ea0a66d8e552b2ab2017ef8b420e92edbc841c352d",
                "sha256:d8e03406cac8513435335dbab54c0d385e4a49e4945d2909a581c83647ca0290",
                "sha256:e10ce637b18caea04431ce14fabcf5c64a1c61ec9c56b071a4b7ca131ca52d44",
                "sha256:ec031d5d2feb36d1d1a24380e4db6d43695f3748343d99434e6f5f9156aaa2ed",
                "sha256:ef6107725bd54b262d6dedcc2af448a266975032bc85ef0172c5f059da6325b4",
                "sha256:efdca5630322a10774e8e98e1af481aad470dd62c3170801852d752aa7a783ba",
                "sha256:f753120cb8181e736c57ef7636e83f31b9c0d1722c516f7e86cf15b7aa57ff12",
                "sha256:ff3824dc5261f50c9b0dfb3be22b4567a6f938ccce4587b38952d85fd9e9afe4"
            ],
            "markers": "python_version >= '3.8'",
            "version": "==6.0.2"
        },
        "rich": {
            "hashes": [
                "sha256:439594978a49a09530cff7ebc4b5c7103ef57baf48d5ea3184f21d9a2befa098",
                "sha256:6049d5e6ec054bf2779ab3358186963bac2ea89175919d699e378b99738c2a90"
            ],
            "markers": "python_full_version >= '3.8.0'",
            "version": "==13.9.4"
        },
        "rich-click": {
            "hashes": [
                "sha256:205aabd5a98e64ab2c105dee9e368be27480ba004c7dfa2accd0ed44f9f1550e",
                "sha256:547c618dea916620af05d4a6456da797fbde904c97901f44d2f32f89d85d6c84"
            ],
            "markers": "python_version >= '3.7'",
            "version": "==1.8.8"
        },
        "sniffio": {
            "hashes": [
                "sha256:2f6da418d1f1e0fddd844478f41680e794e6051915791a034ff65e5f100525a2",
                "sha256:f4324edc670a0f49750a81b895f35c3adb843cca46f0530f79fc1babb23789dc"
            ],
            "markers": "python_version >= '3.7'",
            "version": "==1.3.1"
        },
        "typing-extensions": {
            "hashes": [
                "sha256:0a4ac55a5820789d87e297727d229866c9650f6521b64206413c4fbada24d95b",
                "sha256:c8dd92cc0d6425a97c18fbb9d1954e5ff92c1ca881a309c45f06ebc0b79058e5"
            ],
            "markers": "python_version >= '3.8'",
            "version": "==4.13.0"
        },
        "typing-inspection": {
            "hashes": [
                "sha256:50e72559fcd2a6367a19f7a7e610e6afcb9fac940c650290eed893d61386832f",
                "sha256:9765c87de36671694a67904bf2c96e395be9c6439bb6c87b5142569dcdd65122"
            ],
            "markers": "python_version >= '3.9'",
            "version": "==0.4.0"
        },
        "tzdata": {
            "hashes": [
                "sha256:1a403fada01ff9221ca8044d701868fa132215d84beb92242d9acd2147f667a8",
                "sha256:b60a638fcc0daffadf82fe0f57e53d06bdec2f36c4df66280ae79bce6bd6f2b9"
            ],
            "markers": "python_version >= '2'",
            "version": "==2025.2"
        },
        "uvicorn": {
            "hashes": [
                "sha256:023dc038422502fa28a09c7a30bf2b6991512da7dcdb8fd35fe57cfc154126f4",
                "sha256:404051050cd7e905de2c9a7e61790943440b3416f49cb409f965d9dcd0fa73e9"
            ],
            "index": "pypi",
            "markers": "python_version >= '3.9'",
            "version": "==0.34.0"
        }
    },
    "develop": {}
}
